
Microsoft Visual Studio Solution File, Format Version 12.00
# Visual Studio 15
VisualStudioVersion = 15.0.26730.16
MinimumVisualStudioVersion = 10.0.40219.1
Project("{9A19103F-16F7-4668-BE54-9A1E7A4F7556}") = "Api", "Api\Api.csproj", "{90A2D962-473E-49EF-A4BC-1C56139910B2}"
EndProject
Project("{9A19103F-16F7-4668-BE54-9A1E7A4F7556}") = "IS4", "IS4\IS4.csproj", "{ADBD9F10-3821-445C-84CB-7421B37CCE13}"
EndProject
Project("{9A19103F-16F7-4668-BE54-9A1E7A4F7556}") = "Exporter", "Exporter\Exporter.csproj", "{0B872160-56B1-45FC-90B4-77CA30411CCC}"
EndProject
Project("{9A19103F-16F7-4668-BE54-9A1E7A4F7556}") = "Proxy", "Proxy\Proxy.csproj", "{88DED330-0844-41D2-A422-8EF82AB8D642}"
EndProject
Project("{FAE04EC0-301F-11D3-BF4B-00C04F79EFBC}") = "HouseDBCore", "HouseDBCore\HouseDBCore.csproj", "{0ABB44ED-D146-447F-8C09-78D0077205D3}"
EndProject
Global
	GlobalSection(SolutionConfigurationPlatforms) = preSolution
		Debug|Any CPU = Debug|Any CPU
		Release|Any CPU = Release|Any CPU
	EndGlobalSection
	GlobalSection(ProjectConfigurationPlatforms) = postSolution
		{90A2D962-473E-49EF-A4BC-1C56139910B2}.Debug|Any CPU.ActiveCfg = Debug|Any CPU
		{90A2D962-473E-49EF-A4BC-1C56139910B2}.Debug|Any CPU.Build.0 = Debug|Any CPU
		{90A2D962-473E-49EF-A4BC-1C56139910B2}.Release|Any CPU.ActiveCfg = Release|Any CPU
		{90A2D962-473E-49EF-A4BC-1C56139910B2}.Release|Any CPU.Build.0 = Release|Any CPU
		{ADBD9F10-3821-445C-84CB-7421B37CCE13}.Debug|Any CPU.ActiveCfg = Debug|Any CPU
		{ADBD9F10-3821-445C-84CB-7421B37CCE13}.Debug|Any CPU.Build.0 = Debug|Any CPU
		{ADBD9F10-3821-445C-84CB-7421B37CCE13}.Release|Any CPU.ActiveCfg = Release|Any CPU
		{ADBD9F10-3821-445C-84CB-7421B37CCE13}.Release|Any CPU.Build.0 = Release|Any CPU
		{0B872160-56B1-45FC-90B4-77CA30411CCC}.Debug|Any CPU.ActiveCfg = Debug|Any CPU
		{0B872160-56B1-45FC-90B4-77CA30411CCC}.Debug|Any CPU.Build.0 = Debug|Any CPU
		{0B872160-56B1-45FC-90B4-77CA30411CCC}.Release|Any CPU.ActiveCfg = Release|Any CPU
		{0B872160-56B1-45FC-90B4-77CA30411CCC}.Release|Any CPU.Build.0 = Release|Any CPU
		{88DED330-0844-41D2-A422-8EF82AB8D642}.Debug|Any CPU.ActiveCfg = Debug|Any CPU
		{88DED330-0844-41D2-A422-8EF82AB8D642}.Debug|Any CPU.Build.0 = Debug|Any CPU
		{88DED330-0844-41D2-A422-8EF82AB8D642}.Release|Any CPU.ActiveCfg = Release|Any CPU
		{88DED330-0844-41D2-A422-8EF82AB8D642}.Release|Any CPU.Build.0 = Release|Any CPU
		{0ABB44ED-D146-447F-8C09-78D0077205D3}.Debug|Any CPU.ActiveCfg = Debug|Any CPU
		{0ABB44ED-D146-447F-8C09-78D0077205D3}.Debug|Any CPU.Build.0 = Debug|Any CPU
		{0ABB44ED-D146-447F-8C09-78D0077205D3}.Release|Any CPU.ActiveCfg = Release|Any CPU
		{0ABB44ED-D146-447F-8C09-78D0077205D3}.Release|Any CPU.Build.0 = Release|Any CPU
	EndGlobalSection
	GlobalSection(SolutionProperties) = preSolution
		HideSolutionNode = FALSE
	EndGlobalSection
	GlobalSection(ExtensibilityGlobals) = postSolution
		SolutionGuid = {630CE284-0F85-4113-AB43-E90DC3657056}
	EndGlobalSection
EndGlobal
